// !$*UTF8*$!
{
	archiveVersion = 1;
	classes = {
	};
	objectVersion = 56;
	objects = {

/* Begin PBXBuildFile section */
		BE191C222B9DD5C60082AA5A /* UIViewController+Utilis.swift in Sources */ = {isa = PBXBuildFile; fileRef = BE191C212B9DD5C60082AA5A /* UIViewController+Utilis.swift */; };
		BE191C242B9DDD870082AA5A /* MainViewController.swift in Sources */ = {isa = PBXBuildFile; fileRef = BE191C232B9DDD870082AA5A /* MainViewController.swift */; };
		BE2D33BC2BA1E20100A03D22 /* Notification.Name.swift in Sources */ = {isa = PBXBuildFile; fileRef = BE2D33BB2BA1E20100A03D22 /* Notification.Name.swift */; };
		BE32A15E2B946151000DDBB7 /* LoginView.swift in Sources */ = {isa = PBXBuildFile; fileRef = BE32A15D2B946151000DDBB7 /* LoginView.swift */; };
		BE344C042BA2E0390035B3F6 /* ShakeyBellView.swift in Sources */ = {isa = PBXBuildFile; fileRef = BE344C032BA2E0390035B3F6 /* ShakeyBellView.swift */; };
		BE53F3212BA1974C006DF7E0 /* currencyFormmatterUnitTest.swift in Sources */ = {isa = PBXBuildFile; fileRef = BE53F3202BA1974C006DF7E0 /* currencyFormmatterUnitTest.swift */; };
		BE568C652B95BD97009D812A /* UIView+Utilis.swift in Sources */ = {isa = PBXBuildFile; fileRef = BE568C642B95BD97009D812A /* UIView+Utilis.swift */; };
		BE6A151A2B9C9AAC00117304 /* LocalState.swift in Sources */ = {isa = PBXBuildFile; fileRef = BE6A15192B9C9AAC00117304 /* LocalState.swift */; };
		BE6C75EB2BA3BD6D00B2953D /* AccountSummaryHeaderViewModel.swift in Sources */ = {isa = PBXBuildFile; fileRef = BE6C75EA2BA3BD6D00B2953D /* AccountSummaryHeaderViewModel.swift */; };
		BE6C75ED2BA3BD8600B2953D /* Date+Utilis.swift in Sources */ = {isa = PBXBuildFile; fileRef = BE6C75EC2BA3BD8600B2953D /* Date+Utilis.swift */; };
		BE6C75F02BA3C29400B2953D /* AccountSummaryViewController+Networking.swift in Sources */ = {isa = PBXBuildFile; fileRef = BE6C75EF2BA3C29400B2953D /* AccountSummaryViewController+Networking.swift */; };
		BE9F358A2B93710F007516ED /* AppDelegate.swift in Sources */ = {isa = PBXBuildFile; fileRef = BE9F35892B93710F007516ED /* AppDelegate.swift */; };
		BE9F358E2B93710F007516ED /* LoginViewController.swift in Sources */ = {isa = PBXBuildFile; fileRef = BE9F358D2B93710F007516ED /* LoginViewController.swift */; };
		BE9F35932B937110007516ED /* Assets.xcassets in Resources */ = {isa = PBXBuildFile; fileRef = BE9F35922B937110007516ED /* Assets.xcassets */; };
		BE9F35962B937110007516ED /* LaunchScreen.storyboard in Resources */ = {isa = PBXBuildFile; fileRef = BE9F35942B937110007516ED /* LaunchScreen.storyboard */; };
		BEB434622B98358D00158D81 /* OnboardingContainerViewController.swift in Sources */ = {isa = PBXBuildFile; fileRef = BEB434612B98358D00158D81 /* OnboardingContainerViewController.swift */; };
		BEB4346A2B98438000158D81 /* OnboardingViewController.swift in Sources */ = {isa = PBXBuildFile; fileRef = BEB434692B98438000158D81 /* OnboardingViewController.swift */; };
		BEBC73E92B9F149C00E88EE7 /* AccountSummaryCell.swift in Sources */ = {isa = PBXBuildFile; fileRef = BEBC73E82B9F149C00E88EE7 /* AccountSummaryCell.swift */; };
		BEBC73EB2B9F3E1B00E88EE7 /* AccountSummaryViewModel.swift in Sources */ = {isa = PBXBuildFile; fileRef = BEBC73EA2B9F3E1B00E88EE7 /* AccountSummaryViewModel.swift */; };
		BEBC73EF2B9F46B400E88EE7 /* Decimal+Utils.swift in Sources */ = {isa = PBXBuildFile; fileRef = BEBC73EE2B9F46B400E88EE7 /* Decimal+Utils.swift */; };
		BEBC73F12B9F480800E88EE7 /* CurrencyFormatter.swift in Sources */ = {isa = PBXBuildFile; fileRef = BEBC73F02B9F480800E88EE7 /* CurrencyFormatter.swift */; };
		BEDEE7982BA5B2E300D8273F /* AccountTests.swift in Sources */ = {isa = PBXBuildFile; fileRef = BEDEE7972BA5B2E300D8273F /* AccountTests.swift */; };
		BEE42CF12BA280CE000BE63C /* UIStackView+Ext.swift in Sources */ = {isa = PBXBuildFile; fileRef = BEE42CF02BA280CE000BE63C /* UIStackView+Ext.swift */; };
		BEE42CF32BA282CD000BE63C /* UITextField+SecureToggle.swift in Sources */ = {isa = PBXBuildFile; fileRef = BEE42CF22BA282CD000BE63C /* UITextField+SecureToggle.swift */; };
		BEF2E27B2B9EA6EB00838419 /* AccountSummaryViewController.swift in Sources */ = {isa = PBXBuildFile; fileRef = BEF2E27A2B9EA6EB00838419 /* AccountSummaryViewController.swift */; };
		BEF2E27E2B9EB0BD00838419 /* AccountSummaryHeaderView.swift in Sources */ = {isa = PBXBuildFile; fileRef = BEF2E27D2B9EB0BD00838419 /* AccountSummaryHeaderView.swift */; };
/* End PBXBuildFile section */

/* Begin PBXContainerItemProxy section */
		BE53F31B2BA1925A006DF7E0 /* PBXContainerItemProxy */ = {
			isa = PBXContainerItemProxy;
			containerPortal = BE9F357E2B93710F007516ED /* Project object */;
			proxyType = 1;
			remoteGlobalIDString = BE9F35852B93710F007516ED;
			remoteInfo = Bankey;
		};
/* End PBXContainerItemProxy section */

/* Begin PBXFileReference section */
		BE191C212B9DD5C60082AA5A /* UIViewController+Utilis.swift */ = {isa = PBXFileReference; lastKnownFileType = sourcecode.swift; path = "UIViewController+Utilis.swift"; sourceTree = "<group>"; };
		BE191C232B9DDD870082AA5A /* MainViewController.swift */ = {isa = PBXFileReference; lastKnownFileType = sourcecode.swift; path = MainViewController.swift; sourceTree = "<group>"; };
		BE2D33BB2BA1E20100A03D22 /* Notification.Name.swift */ = {isa = PBXFileReference; lastKnownFileType = sourcecode.swift; path = Notification.Name.swift; sourceTree = "<group>"; };
		BE32A15D2B946151000DDBB7 /* LoginView.swift */ = {isa = PBXFileReference; lastKnownFileType = sourcecode.swift; path = LoginView.swift; sourceTree = "<group>"; };
		BE344C032BA2E0390035B3F6 /* ShakeyBellView.swift */ = {isa = PBXFileReference; lastKnownFileType = sourcecode.swift; path = ShakeyBellView.swift; sourceTree = "<group>"; };
		BE53F3172BA1925A006DF7E0 /* BankeyUnityTests.xctest */ = {isa = PBXFileReference; explicitFileType = wrapper.cfbundle; includeInIndex = 0; path = BankeyUnityTests.xctest; sourceTree = BUILT_PRODUCTS_DIR; };
		BE53F3202BA1974C006DF7E0 /* currencyFormmatterUnitTest.swift */ = {isa = PBXFileReference; lastKnownFileType = sourcecode.swift; path = currencyFormmatterUnitTest.swift; sourceTree = "<group>"; };
		BE568C642B95BD97009D812A /* UIView+Utilis.swift */ = {isa = PBXFileReference; lastKnownFileType = sourcecode.swift; path = "UIView+Utilis.swift"; sourceTree = "<group>"; };
		BE6A15192B9C9AAC00117304 /* LocalState.swift */ = {isa = PBXFileReference; lastKnownFileType = sourcecode.swift; path = LocalState.swift; sourceTree = "<group>"; };
		BE6C75EA2BA3BD6D00B2953D /* AccountSummaryHeaderViewModel.swift */ = {isa = PBXFileReference; lastKnownFileType = sourcecode.swift; path = AccountSummaryHeaderViewModel.swift; sourceTree = "<group>"; };
		BE6C75EC2BA3BD8600B2953D /* Date+Utilis.swift */ = {isa = PBXFileReference; lastKnownFileType = sourcecode.swift; path = "Date+Utilis.swift"; sourceTree = "<group>"; };
		BE6C75EF2BA3C29400B2953D /* AccountSummaryViewController+Networking.swift */ = {isa = PBXFileReference; lastKnownFileType = sourcecode.swift; path = "AccountSummaryViewController+Networking.swift"; sourceTree = "<group>"; };
		BE9F35862B93710F007516ED /* Bankey.app */ = {isa = PBXFileReference; explicitFileType = wrapper.application; includeInIndex = 0; path = Bankey.app; sourceTree = BUILT_PRODUCTS_DIR; };
		BE9F35892B93710F007516ED /* AppDelegate.swift */ = {isa = PBXFileReference; lastKnownFileType = sourcecode.swift; path = AppDelegate.swift; sourceTree = "<group>"; };
		BE9F358D2B93710F007516ED /* LoginViewController.swift */ = {isa = PBXFileReference; lastKnownFileType = sourcecode.swift; path = LoginViewController.swift; sourceTree = "<group>"; };
		BE9F35922B937110007516ED /* Assets.xcassets */ = {isa = PBXFileReference; lastKnownFileType = folder.assetcatalog; path = Assets.xcassets; sourceTree = "<group>"; };
		BE9F35952B937110007516ED /* Base */ = {isa = PBXFileReference; lastKnownFileType = file.storyboard; name = Base; path = Base.lproj/LaunchScreen.storyboard; sourceTree = "<group>"; };
		BE9F35972B937110007516ED /* Info.plist */ = {isa = PBXFileReference; lastKnownFileType = text.plist.xml; path = Info.plist; sourceTree = "<group>"; };
		BEB434612B98358D00158D81 /* OnboardingContainerViewController.swift */ = {isa = PBXFileReference; lastKnownFileType = sourcecode.swift; path = OnboardingContainerViewController.swift; sourceTree = "<group>"; };
		BEB434692B98438000158D81 /* OnboardingViewController.swift */ = {isa = PBXFileReference; lastKnownFileType = sourcecode.swift; path = OnboardingViewController.swift; sourceTree = "<group>"; };
		BEBC73E82B9F149C00E88EE7 /* AccountSummaryCell.swift */ = {isa = PBXFileReference; lastKnownFileType = sourcecode.swift; path = AccountSummaryCell.swift; sourceTree = "<group>"; };
		BEBC73EA2B9F3E1B00E88EE7 /* AccountSummaryViewModel.swift */ = {isa = PBXFileReference; lastKnownFileType = sourcecode.swift; path = AccountSummaryViewModel.swift; sourceTree = "<group>"; };
		BEBC73EE2B9F46B400E88EE7 /* Decimal+Utils.swift */ = {isa = PBXFileReference; lastKnownFileType = sourcecode.swift; path = "Decimal+Utils.swift"; sourceTree = "<group>"; };
		BEBC73F02B9F480800E88EE7 /* CurrencyFormatter.swift */ = {isa = PBXFileReference; lastKnownFileType = sourcecode.swift; path = CurrencyFormatter.swift; sourceTree = "<group>"; };
		BEDEE7972BA5B2E300D8273F /* AccountTests.swift */ = {isa = PBXFileReference; lastKnownFileType = sourcecode.swift; path = AccountTests.swift; sourceTree = "<group>"; };
		BEE42CF02BA280CE000BE63C /* UIStackView+Ext.swift */ = {isa = PBXFileReference; lastKnownFileType = sourcecode.swift; path = "UIStackView+Ext.swift"; sourceTree = "<group>"; };
		BEE42CF22BA282CD000BE63C /* UITextField+SecureToggle.swift */ = {isa = PBXFileReference; lastKnownFileType = sourcecode.swift; path = "UITextField+SecureToggle.swift"; sourceTree = "<group>"; };
		BEF2E27A2B9EA6EB00838419 /* AccountSummaryViewController.swift */ = {isa = PBXFileReference; lastKnownFileType = sourcecode.swift; path = AccountSummaryViewController.swift; sourceTree = "<group>"; };
		BEF2E27D2B9EB0BD00838419 /* AccountSummaryHeaderView.swift */ = {isa = PBXFileReference; lastKnownFileType = sourcecode.swift; path = AccountSummaryHeaderView.swift; sourceTree = "<group>"; };
/* End PBXFileReference section */

/* Begin PBXFrameworksBuildPhase section */
		BE53F3142BA1925A006DF7E0 /* Frameworks */ = {
			isa = PBXFrameworksBuildPhase;
			buildActionMask = 2147483647;
			files = (
			);
			runOnlyForDeploymentPostprocessing = 0;
		};
		BE9F35832B93710F007516ED /* Frameworks */ = {
			isa = PBXFrameworksBuildPhase;
			buildActionMask = 2147483647;
			files = (
			);
			runOnlyForDeploymentPostprocessing = 0;
		};
/* End PBXFrameworksBuildPhase section */

/* Begin PBXGroup section */
		BE32A1572B945BC5000DDBB7 /* Files */ = {
			isa = PBXGroup;
			children = (
				BE9F35922B937110007516ED /* Assets.xcassets */,
				BE9F35942B937110007516ED /* LaunchScreen.storyboard */,
				BE9F35972B937110007516ED /* Info.plist */,
			);
			name = Files;
			sourceTree = "<group>";
		};
		BE32A15A2B945E34000DDBB7 /* Login */ = {
			isa = PBXGroup;
			children = (
				BE9F358D2B93710F007516ED /* LoginViewController.swift */,
				BE32A15D2B946151000DDBB7 /* LoginView.swift */,
			);
			path = Login;
			sourceTree = "<group>";
		};
		BE344C022BA2E01C0035B3F6 /* Components */ = {
			isa = PBXGroup;
			children = (
				BE344C032BA2E0390035B3F6 /* ShakeyBellView.swift */,
			);
			path = Components;
			sourceTree = "<group>";
		};
		BE53F3182BA1925A006DF7E0 /* BankeyUnityTests */ = {
			isa = PBXGroup;
			children = (
				BEDEE7962BA5B2B500D8273F /* Utils */,
				BEDEE7992BA5B3FC00D8273F /* Network */,
			);
			path = BankeyUnityTests;
			sourceTree = "<group>";
		};
		BE6A15182B9C9A2400117304 /* Utils */ = {
			isa = PBXGroup;
			children = (
				BE568C642B95BD97009D812A /* UIView+Utilis.swift */,
				BE191C212B9DD5C60082AA5A /* UIViewController+Utilis.swift */,
				BE6A15192B9C9AAC00117304 /* LocalState.swift */,
				BEBC73EE2B9F46B400E88EE7 /* Decimal+Utils.swift */,
				BEBC73F02B9F480800E88EE7 /* CurrencyFormatter.swift */,
				BE2D33BB2BA1E20100A03D22 /* Notification.Name.swift */,
				BEE42CF02BA280CE000BE63C /* UIStackView+Ext.swift */,
				BEE42CF22BA282CD000BE63C /* UITextField+SecureToggle.swift */,
				BE6C75EC2BA3BD8600B2953D /* Date+Utilis.swift */,
			);
			path = Utils;
			sourceTree = "<group>";
		};
		BE6C75EE2BA3C24200B2953D /* Network */ = {
			isa = PBXGroup;
			children = (
				BE6C75EF2BA3C29400B2953D /* AccountSummaryViewController+Networking.swift */,
			);
			path = Network;
			sourceTree = "<group>";
		};
		BE9F357D2B93710F007516ED = {
			isa = PBXGroup;
			children = (
				BE9F35882B93710F007516ED /* Bankey */,
				BE53F3182BA1925A006DF7E0 /* BankeyUnityTests */,
				BE9F35872B93710F007516ED /* Products */,
			);
			sourceTree = "<group>";
		};
		BE9F35872B93710F007516ED /* Products */ = {
			isa = PBXGroup;
			children = (
				BE9F35862B93710F007516ED /* Bankey.app */,
				BE53F3172BA1925A006DF7E0 /* BankeyUnityTests.xctest */,
			);
			name = Products;
			sourceTree = "<group>";
		};
		BE9F35882B93710F007516ED /* Bankey */ = {
			isa = PBXGroup;
			children = (
				BE9F35892B93710F007516ED /* AppDelegate.swift */,
				BE191C232B9DDD870082AA5A /* MainViewController.swift */,
				BE32A15A2B945E34000DDBB7 /* Login */,
				BEB434602B98354B00158D81 /* Onboarding */,
				BEF2E2792B9EA6BA00838419 /* AccountSummary */,
				BE344C022BA2E01C0035B3F6 /* Components */,
				BE6A15182B9C9A2400117304 /* Utils */,
				BE32A1572B945BC5000DDBB7 /* Files */,
			);
			path = Bankey;
			sourceTree = "<group>";
		};
		BEB434602B98354B00158D81 /* Onboarding */ = {
			isa = PBXGroup;
			children = (
				BEB434612B98358D00158D81 /* OnboardingContainerViewController.swift */,
				BEB434692B98438000158D81 /* OnboardingViewController.swift */,
			);
			path = Onboarding;
			sourceTree = "<group>";
		};
		BEBC73E62B9F142300E88EE7 /* Header */ = {
			isa = PBXGroup;
			children = (
				BEF2E27D2B9EB0BD00838419 /* AccountSummaryHeaderView.swift */,
				BE6C75EA2BA3BD6D00B2953D /* AccountSummaryHeaderViewModel.swift */,
			);
			path = Header;
			sourceTree = "<group>";
		};
		BEBC73E72B9F142C00E88EE7 /* Cells */ = {
			isa = PBXGroup;
			children = (
				BEBC73E82B9F149C00E88EE7 /* AccountSummaryCell.swift */,
				BEBC73EA2B9F3E1B00E88EE7 /* AccountSummaryViewModel.swift */,
			);
			path = Cells;
			sourceTree = "<group>";
		};
		BEDEE7962BA5B2B500D8273F /* Utils */ = {
			isa = PBXGroup;
			children = (
				BE53F3202BA1974C006DF7E0 /* currencyFormmatterUnitTest.swift */,
			);
			path = Utils;
			sourceTree = "<group>";
		};
		BEDEE7992BA5B3FC00D8273F /* Network */ = {
			isa = PBXGroup;
			children = (
				BEDEE7972BA5B2E300D8273F /* AccountTests.swift */,
			);
			path = Network;
			sourceTree = "<group>";
		};
		BEF2E2792B9EA6BA00838419 /* AccountSummary */ = {
			isa = PBXGroup;
			children = (
				BEF2E27A2B9EA6EB00838419 /* AccountSummaryViewController.swift */,
				BEBC73E62B9F142300E88EE7 /* Header */,
				BEBC73E72B9F142C00E88EE7 /* Cells */,
				BE6C75EE2BA3C24200B2953D /* Network */,
			);
			path = AccountSummary;
			sourceTree = "<group>";
		};
/* End PBXGroup section */

/* Begin PBXNativeTarget section */
		BE53F3162BA1925A006DF7E0 /* BankeyUnityTests */ = {
			isa = PBXNativeTarget;
			buildConfigurationList = BE53F31F2BA1925A006DF7E0 /* Build configuration list for PBXNativeTarget "BankeyUnityTests" */;
			buildPhases = (
				BE53F3132BA1925A006DF7E0 /* Sources */,
				BE53F3142BA1925A006DF7E0 /* Frameworks */,
				BE53F3152BA1925A006DF7E0 /* Resources */,
			);
			buildRules = (
			);
			dependencies = (
				BE53F31C2BA1925A006DF7E0 /* PBXTargetDependency */,
			);
			name = BankeyUnityTests;
			productName = BankeyUnityTests;
			productReference = BE53F3172BA1925A006DF7E0 /* BankeyUnityTests.xctest */;
			productType = "com.apple.product-type.bundle.unit-test";
		};
		BE9F35852B93710F007516ED /* Bankey */ = {
			isa = PBXNativeTarget;
			buildConfigurationList = BE9F35B02B937110007516ED /* Build configuration list for PBXNativeTarget "Bankey" */;
			buildPhases = (
				BE9F35822B93710F007516ED /* Sources */,
				BE9F35832B93710F007516ED /* Frameworks */,
				BE9F35842B93710F007516ED /* Resources */,
			);
			buildRules = (
			);
			dependencies = (
			);
			name = Bankey;
			productName = Bankey;
			productReference = BE9F35862B93710F007516ED /* Bankey.app */;
			productType = "com.apple.product-type.application";
		};
/* End PBXNativeTarget section */

/* Begin PBXProject section */
		BE9F357E2B93710F007516ED /* Project object */ = {
			isa = PBXProject;
			attributes = {
				BuildIndependentTargetsInParallel = 1;
				LastSwiftUpdateCheck = 1520;
				LastUpgradeCheck = 1520;
				TargetAttributes = {
					BE53F3162BA1925A006DF7E0 = {
						CreatedOnToolsVersion = 15.2;
						LastSwiftMigration = 1520;
						TestTargetID = BE9F35852B93710F007516ED;
					};
					BE9F35852B93710F007516ED = {
						CreatedOnToolsVersion = 15.2;
					};
				};
			};
			buildConfigurationList = BE9F35812B93710F007516ED /* Build configuration list for PBXProject "Bankey" */;
			compatibilityVersion = "Xcode 14.0";
			developmentRegion = en;
			hasScannedForEncodings = 0;
			knownRegions = (
				en,
				Base,
			);
			mainGroup = BE9F357D2B93710F007516ED;
			productRefGroup = BE9F35872B93710F007516ED /* Products */;
			projectDirPath = "";
			projectRoot = "";
			targets = (
				BE9F35852B93710F007516ED /* Bankey */,
				BE53F3162BA1925A006DF7E0 /* BankeyUnityTests */,
			);
		};
/* End PBXProject section */

/* Begin PBXResourcesBuildPhase section */
		BE53F3152BA1925A006DF7E0 /* Resources */ = {
			isa = PBXResourcesBuildPhase;
			buildActionMask = 2147483647;
			files = (
			);
			runOnlyForDeploymentPostprocessing = 0;
		};
		BE9F35842B93710F007516ED /* Resources */ = {
			isa = PBXResourcesBuildPhase;
			buildActionMask = 2147483647;
			files = (
				BE9F35962B937110007516ED /* LaunchScreen.storyboard in Resources */,
				BE9F35932B937110007516ED /* Assets.xcassets in Resources */,
			);
			runOnlyForDeploymentPostprocessing = 0;
		};
/* End PBXResourcesBuildPhase section */

/* Begin PBXSourcesBuildPhase section */
		BE53F3132BA1925A006DF7E0 /* Sources */ = {
			isa = PBXSourcesBuildPhase;
			buildActionMask = 2147483647;
			files = (
				BE53F3212BA1974C006DF7E0 /* currencyFormmatterUnitTest.swift in Sources */,
				BEDEE7982BA5B2E300D8273F /* AccountTests.swift in Sources */,
			);
			runOnlyForDeploymentPostprocessing = 0;
		};
		BE9F35822B93710F007516ED /* Sources */ = {
			isa = PBXSourcesBuildPhase;
			buildActionMask = 2147483647;
			files = (
				BEBC73EF2B9F46B400E88EE7 /* Decimal+Utils.swift in Sources */,
				BEBC73E92B9F149C00E88EE7 /* AccountSummaryCell.swift in Sources */,
				BEF2E27E2B9EB0BD00838419 /* AccountSummaryHeaderView.swift in Sources */,
				BE568C652B95BD97009D812A /* UIView+Utilis.swift in Sources */,
				BE344C042BA2E0390035B3F6 /* ShakeyBellView.swift in Sources */,
				BE6C75ED2BA3BD8600B2953D /* Date+Utilis.swift in Sources */,
				BE191C242B9DDD870082AA5A /* MainViewController.swift in Sources */,
				BE6A151A2B9C9AAC00117304 /* LocalState.swift in Sources */,
				BE191C222B9DD5C60082AA5A /* UIViewController+Utilis.swift in Sources */,
				BEB434622B98358D00158D81 /* OnboardingContainerViewController.swift in Sources */,
				BEE42CF32BA282CD000BE63C /* UITextField+SecureToggle.swift in Sources */,
				BEBC73EB2B9F3E1B00E88EE7 /* AccountSummaryViewModel.swift in Sources */,
				BE2D33BC2BA1E20100A03D22 /* Notification.Name.swift in Sources */,
				BE32A15E2B946151000DDBB7 /* LoginView.swift in Sources */,
				BEB4346A2B98438000158D81 /* OnboardingViewController.swift in Sources */,
				BE9F358E2B93710F007516ED /* LoginViewController.swift in Sources */,
				BE9F358A2B93710F007516ED /* AppDelegate.swift in Sources */,
				BE6C75F02BA3C29400B2953D /* AccountSummaryViewController+Networking.swift in Sources */,
				BEBC73F12B9F480800E88EE7 /* CurrencyFormatter.swift in Sources */,
				BEF2E27B2B9EA6EB00838419 /* AccountSummaryViewController.swift in Sources */,
				BE6C75EB2BA3BD6D00B2953D /* AccountSummaryHeaderViewModel.swift in Sources */,
				BEE42CF12BA280CE000BE63C /* UIStackView+Ext.swift in Sources */,
			);
			runOnlyForDeploymentPostprocessing = 0;
		};
/* End PBXSourcesBuildPhase section */

/* Begin PBXTargetDependency section */
		BE53F31C2BA1925A006DF7E0 /* PBXTargetDependency */ = {
			isa = PBXTargetDependency;
			target = BE9F35852B93710F007516ED /* Bankey */;
			targetProxy = BE53F31B2BA1925A006DF7E0 /* PBXContainerItemProxy */;
		};
/* End PBXTargetDependency section */

/* Begin PBXVariantGroup section */
		BE9F35942B937110007516ED /* LaunchScreen.storyboard */ = {
			isa = PBXVariantGroup;
			children = (
				BE9F35952B937110007516ED /* Base */,
			);
			name = LaunchScreen.storyboard;
			sourceTree = "<group>";
		};
/* End PBXVariantGroup section */

/* Begin XCBuildConfiguration section */
		BE53F31D2BA1925A006DF7E0 /* Debug */ = {
			isa = XCBuildConfiguration;
			buildSettings = {
				BUNDLE_LOADER = "$(TEST_HOST)";
				CLANG_ENABLE_MODULES = YES;
				CODE_SIGN_STYLE = Automatic;
				CURRENT_PROJECT_VERSION = 1;
				DEVELOPMENT_TEAM = 9N2C3RSUH8;
				GENERATE_INFOPLIST_FILE = YES;
				MARKETING_VERSION = 1.0;
				PRODUCT_BUNDLE_IDENTIFIER = com.iosdevbaran.BankeyUnityTests;
				PRODUCT_NAME = "$(TARGET_NAME)";
				SWIFT_EMIT_LOC_STRINGS = NO;
				SWIFT_OPTIMIZATION_LEVEL = "-Onone";
				SWIFT_VERSION = 5.0;
				TARGETED_DEVICE_FAMILY = "1,2";
				TEST_HOST = "$(BUILT_PRODUCTS_DIR)/Bankey.app/$(BUNDLE_EXECUTABLE_FOLDER_PATH)/Bankey";
			};
			name = Debug;
		};
		BE53F31E2BA1925A006DF7E0 /* Release */ = {
			isa = XCBuildConfiguration;
			buildSettings = {
				BUNDLE_LOADER = "$(TEST_HOST)";
				CLANG_ENABLE_MODULES = YES;
				CODE_SIGN_STYLE = Automatic;
				CURRENT_PROJECT_VERSION = 1;
				DEVELOPMENT_TEAM = 9N2C3RSUH8;
				GENERATE_INFOPLIST_FILE = YES;
				MARKETING_VERSION = 1.0;
				PRODUCT_BUNDLE_IDENTIFIER = com.iosdevbaran.BankeyUnityTests;
				PRODUCT_NAME = "$(TARGET_NAME)";
				SWIFT_EMIT_LOC_STRINGS = NO;
				SWIFT_VERSION = 5.0;
				TARGETED_DEVICE_FAMILY = "1,2";
				TEST_HOST = "$(BUILT_PRODUCTS_DIR)/Bankey.app/$(BUNDLE_EXECUTABLE_FOLDER_PATH)/Bankey";
			};
			name = Release;
		};
		BE9F35AE2B937110007516ED /* Debug */ = {
			isa = XCBuildConfiguration;
			buildSettings = {
				ALWAYS_SEARCH_USER_PATHS = NO;
				ASSETCATALOG_COMPILER_GENERATE_SWIFT_ASSET_SYMBOL_EXTENSIONS = YES;
				CLANG_ANALYZER_NONNULL = YES;
				CLANG_ANALYZER_NUMBER_OBJECT_CONVERSION = YES_AGGRESSIVE;
				CLANG_CXX_LANGUAGE_STANDARD = "gnu++20";
				CLANG_ENABLE_MODULES = YES;
				CLANG_ENABLE_OBJC_ARC = YES;
				CLANG_ENABLE_OBJC_WEAK = YES;
				CLANG_WARN_BLOCK_CAPTURE_AUTORELEASING = YES;
				CLANG_WARN_BOOL_CONVERSION = YES;
				CLANG_WARN_COMMA = YES;
				CLANG_WARN_CONSTANT_CONVERSION = YES;
				CLANG_WARN_DEPRECATED_OBJC_IMPLEMENTATIONS = YES;
				CLANG_WARN_DIRECT_OBJC_ISA_USAGE = YES_ERROR;
				CLANG_WARN_DOCUMENTATION_COMMENTS = YES;
				CLANG_WARN_EMPTY_BODY = YES;
				CLANG_WARN_ENUM_CONVERSION = YES;
				CLANG_WARN_INFINITE_RECURSION = YES;
				CLANG_WARN_INT_CONVERSION = YES;
				CLANG_WARN_NON_LITERAL_NULL_CONVERSION = YES;
				CLANG_WARN_OBJC_IMPLICIT_RETAIN_SELF = YES;
				CLANG_WARN_OBJC_LITERAL_CONVERSION = YES;
				CLANG_WARN_OBJC_ROOT_CLASS = YES_ERROR;
				CLANG_WARN_QUOTED_INCLUDE_IN_FRAMEWORK_HEADER = YES;
				CLANG_WARN_RANGE_LOOP_ANALYSIS = YES;
				CLANG_WARN_STRICT_PROTOTYPES = YES;
				CLANG_WARN_SUSPICIOUS_MOVE = YES;
				CLANG_WARN_UNGUARDED_AVAILABILITY = YES_AGGRESSIVE;
				CLANG_WARN_UNREACHABLE_CODE = YES;
				CLANG_WARN__DUPLICATE_METHOD_MATCH = YES;
				COPY_PHASE_STRIP = NO;
				DEBUG_INFORMATION_FORMAT = dwarf;
				ENABLE_STRICT_OBJC_MSGSEND = YES;
				ENABLE_TESTABILITY = YES;
				ENABLE_USER_SCRIPT_SANDBOXING = YES;
				GCC_C_LANGUAGE_STANDARD = gnu17;
				GCC_DYNAMIC_NO_PIC = NO;
				GCC_NO_COMMON_BLOCKS = YES;
				GCC_OPTIMIZATION_LEVEL = 0;
				GCC_PREPROCESSOR_DEFINITIONS = (
					"DEBUG=1",
					"$(inherited)",
				);
				GCC_WARN_64_TO_32_BIT_CONVERSION = YES;
				GCC_WARN_ABOUT_RETURN_TYPE = YES_ERROR;
				GCC_WARN_UNDECLARED_SELECTOR = YES;
				GCC_WARN_UNINITIALIZED_AUTOS = YES_AGGRESSIVE;
				GCC_WARN_UNUSED_FUNCTION = YES;
				GCC_WARN_UNUSED_VARIABLE = YES;
				IPHONEOS_DEPLOYMENT_TARGET = 17.2;
				LOCALIZATION_PREFERS_STRING_CATALOGS = YES;
				MTL_ENABLE_DEBUG_INFO = INCLUDE_SOURCE;
				MTL_FAST_MATH = YES;
				ONLY_ACTIVE_ARCH = YES;
				SDKROOT = iphoneos;
				SWIFT_ACTIVE_COMPILATION_CONDITIONS = "DEBUG $(inherited)";
				SWIFT_OPTIMIZATION_LEVEL = "-Onone";
			};
			name = Debug;
		};
		BE9F35AF2B937110007516ED /* Release */ = {
			isa = XCBuildConfiguration;
			buildSettings = {
				ALWAYS_SEARCH_USER_PATHS = NO;
				ASSETCATALOG_COMPILER_GENERATE_SWIFT_ASSET_SYMBOL_EXTENSIONS = YES;
				CLANG_ANALYZER_NONNULL = YES;
				CLANG_ANALYZER_NUMBER_OBJECT_CONVERSION = YES_AGGRESSIVE;
				CLANG_CXX_LANGUAGE_STANDARD = "gnu++20";
				CLANG_ENABLE_MODULES = YES;
				CLANG_ENABLE_OBJC_ARC = YES;
				CLANG_ENABLE_OBJC_WEAK = YES;
				CLANG_WARN_BLOCK_CAPTURE_AUTORELEASING = YES;
				CLANG_WARN_BOOL_CONVERSION = YES;
				CLANG_WARN_COMMA = YES;
				CLANG_WARN_CONSTANT_CONVERSION = YES;
				CLANG_WARN_DEPRECATED_OBJC_IMPLEMENTATIONS = YES;
				CLANG_WARN_DIRECT_OBJC_ISA_USAGE = YES_ERROR;
				CLANG_WARN_DOCUMENTATION_COMMENTS = YES;
				CLANG_WARN_EMPTY_BODY = YES;
				CLANG_WARN_ENUM_CONVERSION = YES;
				CLANG_WARN_INFINITE_RECURSION = YES;
				CLANG_WARN_INT_CONVERSION = YES;
				CLANG_WARN_NON_LITERAL_NULL_CONVERSION = YES;
				CLANG_WARN_OBJC_IMPLICIT_RETAIN_SELF = YES;
				CLANG_WARN_OBJC_LITERAL_CONVERSION = YES;
				CLANG_WARN_OBJC_ROOT_CLASS = YES_ERROR;
				CLANG_WARN_QUOTED_INCLUDE_IN_FRAMEWORK_HEADER = YES;
				CLANG_WARN_RANGE_LOOP_ANALYSIS = YES;
				CLANG_WARN_STRICT_PROTOTYPES = YES;
				CLANG_WARN_SUSPICIOUS_MOVE = YES;
				CLANG_WARN_UNGUARDED_AVAILABILITY = YES_AGGRESSIVE;
				CLANG_WARN_UNREACHABLE_CODE = YES;
				CLANG_WARN__DUPLICATE_METHOD_MATCH = YES;
				COPY_PHASE_STRIP = NO;
				DEBUG_INFORMATION_FORMAT = "dwarf-with-dsym";
				ENABLE_NS_ASSERTIONS = NO;
				ENABLE_STRICT_OBJC_MSGSEND = YES;
				ENABLE_USER_SCRIPT_SANDBOXING = YES;
				GCC_C_LANGUAGE_STANDARD = gnu17;
				GCC_NO_COMMON_BLOCKS = YES;
				GCC_WARN_64_TO_32_BIT_CONVERSION = YES;
				GCC_WARN_ABOUT_RETURN_TYPE = YES_ERROR;
				GCC_WARN_UNDECLARED_SELECTOR = YES;
				GCC_WARN_UNINITIALIZED_AUTOS = YES_AGGRESSIVE;
				GCC_WARN_UNUSED_FUNCTION = YES;
				GCC_WARN_UNUSED_VARIABLE = YES;
				IPHONEOS_DEPLOYMENT_TARGET = 17.2;
				LOCALIZATION_PREFERS_STRING_CATALOGS = YES;
				MTL_ENABLE_DEBUG_INFO = NO;
				MTL_FAST_MATH = YES;
				SDKROOT = iphoneos;
				SWIFT_COMPILATION_MODE = wholemodule;
				VALIDATE_PRODUCT = YES;
			};
			name = Release;
		};
		BE9F35B12B937110007516ED /* Debug */ = {
			isa = XCBuildConfiguration;
			buildSettings = {
				ASSETCATALOG_COMPILER_APPICON_NAME = AppIcon;
				ASSETCATALOG_COMPILER_GLOBAL_ACCENT_COLOR_NAME = AccentColor;
				CODE_SIGN_STYLE = Automatic;
				CURRENT_PROJECT_VERSION = 1;
				DEVELOPMENT_TEAM = 9N2C3RSUH8;
				GENERATE_INFOPLIST_FILE = YES;
				INFOPLIST_FILE = Bankey/Info.plist;
				INFOPLIST_KEY_UIApplicationSupportsIndirectInputEvents = YES;
				INFOPLIST_KEY_UILaunchStoryboardName = LaunchScreen;
				INFOPLIST_KEY_UISupportedInterfaceOrientations_iPad = "UIInterfaceOrientationPortrait UIInterfaceOrientationPortraitUpsideDown UIInterfaceOrientationLandscapeLeft UIInterfaceOrientationLandscapeRight";
				INFOPLIST_KEY_UISupportedInterfaceOrientations_iPhone = "UIInterfaceOrientationPortrait UIInterfaceOrientationLandscapeLeft UIInterfaceOrientationLandscapeRight";
				LD_RUNPATH_SEARCH_PATHS = (
					"$(inherited)",
					"@executable_path/Frameworks",
				);
				MARKETING_VERSION = 1.0;
				PRODUCT_BUNDLE_IDENTIFIER = com.iosdevbaran.Bankey;
				PRODUCT_NAME = "$(TARGET_NAME)";
				SWIFT_EMIT_LOC_STRINGS = YES;
				SWIFT_VERSION = 5.0;
				TARGETED_DEVICE_FAMILY = "1,2";
			};
			name = Debug;
		};
		BE9F35B22B937110007516ED /* Release */ = {
			isa = XCBuildConfiguration;
			buildSettings = {
				ASSETCATALOG_COMPILER_APPICON_NAME = AppIcon;
				ASSETCATALOG_COMPILER_GLOBAL_ACCENT_COLOR_NAME = AccentColor;
				CODE_SIGN_STYLE = Automatic;
				CURRENT_PROJECT_VERSION = 1;
				DEVELOPMENT_TEAM = 9N2C3RSUH8;
				GENERATE_INFOPLIST_FILE = YES;
				INFOPLIST_FILE = Bankey/Info.plist;
				INFOPLIST_KEY_UIApplicationSupportsIndirectInputEvents = YES;
				INFOPLIST_KEY_UILaunchStoryboardName = LaunchScreen;
				INFOPLIST_KEY_UISupportedInterfaceOrientations_iPad = "UIInterfaceOrientationPortrait UIInterfaceOrientationPortraitUpsideDown UIInterfaceOrientationLandscapeLeft UIInterfaceOrientationLandscapeRight";
				INFOPLIST_KEY_UISupportedInterfaceOrientations_iPhone = "UIInterfaceOrientationPortrait UIInterfaceOrientationLandscapeLeft UIInterfaceOrientationLandscapeRight";
				LD_RUNPATH_SEARCH_PATHS = (
					"$(inherited)",
					"@executable_path/Frameworks",
				);
				MARKETING_VERSION = 1.0;
				PRODUCT_BUNDLE_IDENTIFIER = com.iosdevbaran.Bankey;
				PRODUCT_NAME = "$(TARGET_NAME)";
				SWIFT_EMIT_LOC_STRINGS = YES;
				SWIFT_VERSION = 5.0;
				TARGETED_DEVICE_FAMILY = "1,2";
			};
			name = Release;
		};
/* End XCBuildConfiguration section */

/* Begin XCConfigurationList section */
		BE53F31F2BA1925A006DF7E0 /* Build configuration list for PBXNativeTarget "BankeyUnityTests" */ = {
			isa = XCConfigurationList;
			buildConfigurations = (
				BE53F31D2BA1925A006DF7E0 /* Debug */,
				BE53F31E2BA1925A006DF7E0 /* Release */,
			);
			defaultConfigurationIsVisible = 0;
			defaultConfigurationName = Release;
		};
		BE9F35812B93710F007516ED /* Build configuration list for PBXProject "Bankey" */ = {
			isa = XCConfigurationList;
			buildConfigurations = (
				BE9F35AE2B937110007516ED /* Debug */,
				BE9F35AF2B937110007516ED /* Release */,
			);
			defaultConfigurationIsVisible = 0;
			defaultConfigurationName = Release;
		};
		BE9F35B02B937110007516ED /* Build configuration list for PBXNativeTarget "Bankey" */ = {
			isa = XCConfigurationList;
			buildConfigurations = (
				BE9F35B12B937110007516ED /* Debug */,
				BE9F35B22B937110007516ED /* Release */,
			);
			defaultConfigurationIsVisible = 0;
			defaultConfigurationName = Release;
		};
/* End XCConfigurationList section */
	};
	rootObject = BE9F357E2B93710F007516ED /* Project object */;
}
