// !$*UTF8*$!
{
	archiveVersion = 1;
	classes = {
	};
	objectVersion = 56;
	objects = {

/* Begin PBXBuildFile section */
		BE32A15E2B946151000DDBB7 /* LoginView.swift in Sources */ = {isa = PBXBuildFile; fileRef = BE32A15D2B946151000DDBB7 /* LoginView.swift */; };
		BE568C652B95BD97009D812A /* UIView+Ext.swift in Sources */ = {isa = PBXBuildFile; fileRef = BE568C642B95BD97009D812A /* UIView+Ext.swift */; };
		BE9F358A2B93710F007516ED /* AppDelegate.swift in Sources */ = {isa = PBXBuildFile; fileRef = BE9F35892B93710F007516ED /* AppDelegate.swift */; };
		BE9F358E2B93710F007516ED /* LoginViewController.swift in Sources */ = {isa = PBXBuildFile; fileRef = BE9F358D2B93710F007516ED /* LoginViewController.swift */; };
		BE9F35932B937110007516ED /* Assets.xcassets in Resources */ = {isa = PBXBuildFile; fileRef = BE9F35922B937110007516ED /* Assets.xcassets */; };
		BE9F35962B937110007516ED /* LaunchScreen.storyboard in Resources */ = {isa = PBXBuildFile; fileRef = BE9F35942B937110007516ED /* LaunchScreen.storyboard */; };
		BEB4345F2B982FEA00158D81 /* UIStackView+Ext.swift in Sources */ = {isa = PBXBuildFile; fileRef = BEB4345E2B982FEA00158D81 /* UIStackView+Ext.swift */; };
		BEB434622B98358D00158D81 /* OnboardingContainerViewController.swift in Sources */ = {isa = PBXBuildFile; fileRef = BEB434612B98358D00158D81 /* OnboardingContainerViewController.swift */; };
		BEB4346A2B98438000158D81 /* OnboardingViewController.swift in Sources */ = {isa = PBXBuildFile; fileRef = BEB434692B98438000158D81 /* OnboardingViewController.swift */; };
/* End PBXBuildFile section */

/* Begin PBXContainerItemProxy section */
		BE9F359D2B937110007516ED /* PBXContainerItemProxy */ = {
			isa = PBXContainerItemProxy;
			containerPortal = BE9F357E2B93710F007516ED /* Project object */;
			proxyType = 1;
			remoteGlobalIDString = BE9F35852B93710F007516ED;
			remoteInfo = Bankey;
		};
		BE9F35A72B937110007516ED /* PBXContainerItemProxy */ = {
			isa = PBXContainerItemProxy;
			containerPortal = BE9F357E2B93710F007516ED /* Project object */;
			proxyType = 1;
			remoteGlobalIDString = BE9F35852B93710F007516ED;
			remoteInfo = Bankey;
		};
/* End PBXContainerItemProxy section */

/* Begin PBXFileReference section */
		BE32A15D2B946151000DDBB7 /* LoginView.swift */ = {isa = PBXFileReference; lastKnownFileType = sourcecode.swift; path = LoginView.swift; sourceTree = "<group>"; };
		BE568C642B95BD97009D812A /* UIView+Ext.swift */ = {isa = PBXFileReference; lastKnownFileType = sourcecode.swift; path = "UIView+Ext.swift"; sourceTree = "<group>"; };
		BE9F35862B93710F007516ED /* Bankey.app */ = {isa = PBXFileReference; explicitFileType = wrapper.application; includeInIndex = 0; path = Bankey.app; sourceTree = BUILT_PRODUCTS_DIR; };
		BE9F35892B93710F007516ED /* AppDelegate.swift */ = {isa = PBXFileReference; lastKnownFileType = sourcecode.swift; path = AppDelegate.swift; sourceTree = "<group>"; };
		BE9F358D2B93710F007516ED /* LoginViewController.swift */ = {isa = PBXFileReference; lastKnownFileType = sourcecode.swift; path = LoginViewController.swift; sourceTree = "<group>"; };
		BE9F35922B937110007516ED /* Assets.xcassets */ = {isa = PBXFileReference; lastKnownFileType = folder.assetcatalog; path = Assets.xcassets; sourceTree = "<group>"; };
		BE9F35952B937110007516ED /* Base */ = {isa = PBXFileReference; lastKnownFileType = file.storyboard; name = Base; path = Base.lproj/LaunchScreen.storyboard; sourceTree = "<group>"; };
		BE9F35972B937110007516ED /* Info.plist */ = {isa = PBXFileReference; lastKnownFileType = text.plist.xml; path = Info.plist; sourceTree = "<group>"; };
		BE9F359C2B937110007516ED /* BankeyTests.xctest */ = {isa = PBXFileReference; explicitFileType = wrapper.cfbundle; includeInIndex = 0; path = BankeyTests.xctest; sourceTree = BUILT_PRODUCTS_DIR; };
		BE9F35A62B937110007516ED /* BankeyUITests.xctest */ = {isa = PBXFileReference; explicitFileType = wrapper.cfbundle; includeInIndex = 0; path = BankeyUITests.xctest; sourceTree = BUILT_PRODUCTS_DIR; };
		BEB4345E2B982FEA00158D81 /* UIStackView+Ext.swift */ = {isa = PBXFileReference; lastKnownFileType = sourcecode.swift; path = "UIStackView+Ext.swift"; sourceTree = "<group>"; };
		BEB434612B98358D00158D81 /* OnboardingContainerViewController.swift */ = {isa = PBXFileReference; lastKnownFileType = sourcecode.swift; path = OnboardingContainerViewController.swift; sourceTree = "<group>"; };
		BEB434692B98438000158D81 /* OnboardingViewController.swift */ = {isa = PBXFileReference; lastKnownFileType = sourcecode.swift; path = OnboardingViewController.swift; sourceTree = "<group>"; };
/* End PBXFileReference section */

/* Begin PBXFrameworksBuildPhase section */
		BE9F35832B93710F007516ED /* Frameworks */ = {
			isa = PBXFrameworksBuildPhase;
			buildActionMask = 2147483647;
			files = (
			);
			runOnlyForDeploymentPostprocessing = 0;
		};
		BE9F35992B937110007516ED /* Frameworks */ = {
			isa = PBXFrameworksBuildPhase;
			buildActionMask = 2147483647;
			files = (
			);
			runOnlyForDeploymentPostprocessing = 0;
		};
		BE9F35A32B937110007516ED /* Frameworks */ = {
			isa = PBXFrameworksBuildPhase;
			buildActionMask = 2147483647;
			files = (
			);
			runOnlyForDeploymentPostprocessing = 0;
		};
/* End PBXFrameworksBuildPhase section */

/* Begin PBXGroup section */
		BE32A1572B945BC5000DDBB7 /* Files */ = {
			isa = PBXGroup;
			children = (
				BE9F35922B937110007516ED /* Assets.xcassets */,
				BE9F35942B937110007516ED /* LaunchScreen.storyboard */,
				BE9F35972B937110007516ED /* Info.plist */,
			);
			name = Files;
			sourceTree = "<group>";
		};
		BE32A15A2B945E34000DDBB7 /* Login */ = {
			isa = PBXGroup;
			children = (
				BE9F358D2B93710F007516ED /* LoginViewController.swift */,
				BE32A15D2B946151000DDBB7 /* LoginView.swift */,
			);
			path = Login;
			sourceTree = "<group>";
		};
		BE568C672B95BF7D009D812A /* Extensions */ = {
			isa = PBXGroup;
			children = (
				BE568C642B95BD97009D812A /* UIView+Ext.swift */,
				BEB4345E2B982FEA00158D81 /* UIStackView+Ext.swift */,
			);
			path = Extensions;
			sourceTree = "<group>";
		};
		BE9F357D2B93710F007516ED = {
			isa = PBXGroup;
			children = (
				BE9F35882B93710F007516ED /* Bankey */,
				BE9F35872B93710F007516ED /* Products */,
			);
			sourceTree = "<group>";
		};
		BE9F35872B93710F007516ED /* Products */ = {
			isa = PBXGroup;
			children = (
				BE9F35862B93710F007516ED /* Bankey.app */,
				BE9F359C2B937110007516ED /* BankeyTests.xctest */,
				BE9F35A62B937110007516ED /* BankeyUITests.xctest */,
			);
			name = Products;
			sourceTree = "<group>";
		};
		BE9F35882B93710F007516ED /* Bankey */ = {
			isa = PBXGroup;
			children = (
				BE9F35892B93710F007516ED /* AppDelegate.swift */,
				BEB434602B98354B00158D81 /* Onboarding */,
				BE32A15A2B945E34000DDBB7 /* Login */,
				BE568C672B95BF7D009D812A /* Extensions */,
				BE32A1572B945BC5000DDBB7 /* Files */,
			);
			path = Bankey;
			sourceTree = "<group>";
		};
		BEB434602B98354B00158D81 /* Onboarding */ = {
			isa = PBXGroup;
			children = (
				BEB434612B98358D00158D81 /* OnboardingContainerViewController.swift */,
				BEB434692B98438000158D81 /* OnboardingViewController.swift */,
			);
			path = Onboarding;
			sourceTree = "<group>";
		};
/* End PBXGroup section */

/* Begin PBXNativeTarget section */
		BE9F35852B93710F007516ED /* Bankey */ = {
			isa = PBXNativeTarget;
			buildConfigurationList = BE9F35B02B937110007516ED /* Build configuration list for PBXNativeTarget "Bankey" */;
			buildPhases = (
				BE9F35822B93710F007516ED /* Sources */,
				BE9F35832B93710F007516ED /* Frameworks */,
				BE9F35842B93710F007516ED /* Resources */,
			);
			buildRules = (
			);
			dependencies = (
			);
			name = Bankey;
			productName = Bankey;
			productReference = BE9F35862B93710F007516ED /* Bankey.app */;
			productType = "com.apple.product-type.application";
		};
		BE9F359B2B937110007516ED /* BankeyTests */ = {
			isa = PBXNativeTarget;
			buildConfigurationList = BE9F35B32B937110007516ED /* Build configuration list for PBXNativeTarget "BankeyTests" */;
			buildPhases = (
				BE9F35982B937110007516ED /* Sources */,
				BE9F35992B937110007516ED /* Frameworks */,
				BE9F359A2B937110007516ED /* Resources */,
			);
			buildRules = (
			);
			dependencies = (
				BE9F359E2B937110007516ED /* PBXTargetDependency */,
			);
			name = BankeyTests;
			productName = BankeyTests;
			productReference = BE9F359C2B937110007516ED /* BankeyTests.xctest */;
			productType = "com.apple.product-type.bundle.unit-test";
		};
		BE9F35A52B937110007516ED /* BankeyUITests */ = {
			isa = PBXNativeTarget;
			buildConfigurationList = BE9F35B62B937110007516ED /* Build configuration list for PBXNativeTarget "BankeyUITests" */;
			buildPhases = (
				BE9F35A22B937110007516ED /* Sources */,
				BE9F35A32B937110007516ED /* Frameworks */,
				BE9F35A42B937110007516ED /* Resources */,
			);
			buildRules = (
			);
			dependencies = (
				BE9F35A82B937110007516ED /* PBXTargetDependency */,
			);
			name = BankeyUITests;
			productName = BankeyUITests;
			productReference = BE9F35A62B937110007516ED /* BankeyUITests.xctest */;
			productType = "com.apple.product-type.bundle.ui-testing";
		};
/* End PBXNativeTarget section */

/* Begin PBXProject section */
		BE9F357E2B93710F007516ED /* Project object */ = {
			isa = PBXProject;
			attributes = {
				BuildIndependentTargetsInParallel = 1;
				LastSwiftUpdateCheck = 1520;
				LastUpgradeCheck = 1520;
				TargetAttributes = {
					BE9F35852B93710F007516ED = {
						CreatedOnToolsVersion = 15.2;
					};
					BE9F359B2B937110007516ED = {
						CreatedOnToolsVersion = 15.2;
						TestTargetID = BE9F35852B93710F007516ED;
					};
					BE9F35A52B937110007516ED = {
						CreatedOnToolsVersion = 15.2;
						TestTargetID = BE9F35852B93710F007516ED;
					};
				};
			};
			buildConfigurationList = BE9F35812B93710F007516ED /* Build configuration list for PBXProject "Bankey" */;
			compatibilityVersion = "Xcode 14.0";
			developmentRegion = en;
			hasScannedForEncodings = 0;
			knownRegions = (
				en,
				Base,
			);
			mainGroup = BE9F357D2B93710F007516ED;
			productRefGroup = BE9F35872B93710F007516ED /* Products */;
			projectDirPath = "";
			projectRoot = "";
			targets = (
				BE9F35852B93710F007516ED /* Bankey */,
				BE9F359B2B937110007516ED /* BankeyTests */,
				BE9F35A52B937110007516ED /* BankeyUITests */,
			);
		};
/* End PBXProject section */

/* Begin PBXResourcesBuildPhase section */
		BE9F35842B93710F007516ED /* Resources */ = {
			isa = PBXResourcesBuildPhase;
			buildActionMask = 2147483647;
			files = (
				BE9F35962B937110007516ED /* LaunchScreen.storyboard in Resources */,
				BE9F35932B937110007516ED /* Assets.xcassets in Resources */,
			);
			runOnlyForDeploymentPostprocessing = 0;
		};
		BE9F359A2B937110007516ED /* Resources */ = {
			isa = PBXResourcesBuildPhase;
			buildActionMask = 2147483647;
			files = (
			);
			runOnlyForDeploymentPostprocessing = 0;
		};
		BE9F35A42B937110007516ED /* Resources */ = {
			isa = PBXResourcesBuildPhase;
			buildActionMask = 2147483647;
			files = (
			);
			runOnlyForDeploymentPostprocessing = 0;
		};
/* End PBXResourcesBuildPhase section */

/* Begin PBXSourcesBuildPhase section */
		BE9F35822B93710F007516ED /* Sources */ = {
			isa = PBXSourcesBuildPhase;
			buildActionMask = 2147483647;
			files = (
				BE568C652B95BD97009D812A /* UIView+Ext.swift in Sources */,
				BEB434622B98358D00158D81 /* OnboardingContainerViewController.swift in Sources */,
				BEB4345F2B982FEA00158D81 /* UIStackView+Ext.swift in Sources */,
				BE32A15E2B946151000DDBB7 /* LoginView.swift in Sources */,
				BEB4346A2B98438000158D81 /* OnboardingViewController.swift in Sources */,
				BE9F358E2B93710F007516ED /* LoginViewController.swift in Sources */,
				BE9F358A2B93710F007516ED /* AppDelegate.swift in Sources */,
			);
			runOnlyForDeploymentPostprocessing = 0;
		};
		BE9F35982B937110007516ED /* Sources */ = {
			isa = PBXSourcesBuildPhase;
			buildActionMask = 2147483647;
			files = (
			);
			runOnlyForDeploymentPostprocessing = 0;
		};
		BE9F35A22B937110007516ED /* Sources */ = {
			isa = PBXSourcesBuildPhase;
			buildActionMask = 2147483647;
			files = (
			);
			runOnlyForDeploymentPostprocessing = 0;
		};
/* End PBXSourcesBuildPhase section */

/* Begin PBXTargetDependency section */
		BE9F359E2B937110007516ED /* PBXTargetDependency */ = {
			isa = PBXTargetDependency;
			target = BE9F35852B93710F007516ED /* Bankey */;
			targetProxy = BE9F359D2B937110007516ED /* PBXContainerItemProxy */;
		};
		BE9F35A82B937110007516ED /* PBXTargetDependency */ = {
			isa = PBXTargetDependency;
			target = BE9F35852B93710F007516ED /* Bankey */;
			targetProxy = BE9F35A72B937110007516ED /* PBXContainerItemProxy */;
		};
/* End PBXTargetDependency section */

/* Begin PBXVariantGroup section */
		BE9F35942B937110007516ED /* LaunchScreen.storyboard */ = {
			isa = PBXVariantGroup;
			children = (
				BE9F35952B937110007516ED /* Base */,
			);
			name = LaunchScreen.storyboard;
			sourceTree = "<group>";
		};
/* End PBXVariantGroup section */

/* Begin XCBuildConfiguration section */
		BE9F35AE2B937110007516ED /* Debug */ = {
			isa = XCBuildConfiguration;
			buildSettings = {
				ALWAYS_SEARCH_USER_PATHS = NO;
				ASSETCATALOG_COMPILER_GENERATE_SWIFT_ASSET_SYMBOL_EXTENSIONS = YES;
				CLANG_ANALYZER_NONNULL = YES;
				CLANG_ANALYZER_NUMBER_OBJECT_CONVERSION = YES_AGGRESSIVE;
				CLANG_CXX_LANGUAGE_STANDARD = "gnu++20";
				CLANG_ENABLE_MODULES = YES;
				CLANG_ENABLE_OBJC_ARC = YES;
				CLANG_ENABLE_OBJC_WEAK = YES;
				CLANG_WARN_BLOCK_CAPTURE_AUTORELEASING = YES;
				CLANG_WARN_BOOL_CONVERSION = YES;
				CLANG_WARN_COMMA = YES;
				CLANG_WARN_CONSTANT_CONVERSION = YES;
				CLANG_WARN_DEPRECATED_OBJC_IMPLEMENTATIONS = YES;
				CLANG_WARN_DIRECT_OBJC_ISA_USAGE = YES_ERROR;
				CLANG_WARN_DOCUMENTATION_COMMENTS = YES;
				CLANG_WARN_EMPTY_BODY = YES;
				CLANG_WARN_ENUM_CONVERSION = YES;
				CLANG_WARN_INFINITE_RECURSION = YES;
				CLANG_WARN_INT_CONVERSION = YES;
				CLANG_WARN_NON_LITERAL_NULL_CONVERSION = YES;
				CLANG_WARN_OBJC_IMPLICIT_RETAIN_SELF = YES;
				CLANG_WARN_OBJC_LITERAL_CONVERSION = YES;
				CLANG_WARN_OBJC_ROOT_CLASS = YES_ERROR;
				CLANG_WARN_QUOTED_INCLUDE_IN_FRAMEWORK_HEADER = YES;
				CLANG_WARN_RANGE_LOOP_ANALYSIS = YES;
				CLANG_WARN_STRICT_PROTOTYPES = YES;
				CLANG_WARN_SUSPICIOUS_MOVE = YES;
				CLANG_WARN_UNGUARDED_AVAILABILITY = YES_AGGRESSIVE;
				CLANG_WARN_UNREACHABLE_CODE = YES;
				CLANG_WARN__DUPLICATE_METHOD_MATCH = YES;
				COPY_PHASE_STRIP = NO;
				DEBUG_INFORMATION_FORMAT = dwarf;
				ENABLE_STRICT_OBJC_MSGSEND = YES;
				ENABLE_TESTABILITY = YES;
				ENABLE_USER_SCRIPT_SANDBOXING = YES;
				GCC_C_LANGUAGE_STANDARD = gnu17;
				GCC_DYNAMIC_NO_PIC = NO;
				GCC_NO_COMMON_BLOCKS = YES;
				GCC_OPTIMIZATION_LEVEL = 0;
				GCC_PREPROCESSOR_DEFINITIONS = (
					"DEBUG=1",
					"$(inherited)",
				);
				GCC_WARN_64_TO_32_BIT_CONVERSION = YES;
				GCC_WARN_ABOUT_RETURN_TYPE = YES_ERROR;
				GCC_WARN_UNDECLARED_SELECTOR = YES;
				GCC_WARN_UNINITIALIZED_AUTOS = YES_AGGRESSIVE;
				GCC_WARN_UNUSED_FUNCTION = YES;
				GCC_WARN_UNUSED_VARIABLE = YES;
				IPHONEOS_DEPLOYMENT_TARGET = 17.2;
				LOCALIZATION_PREFERS_STRING_CATALOGS = YES;
				MTL_ENABLE_DEBUG_INFO = INCLUDE_SOURCE;
				MTL_FAST_MATH = YES;
				ONLY_ACTIVE_ARCH = YES;
				SDKROOT = iphoneos;
				SWIFT_ACTIVE_COMPILATION_CONDITIONS = "DEBUG $(inherited)";
				SWIFT_OPTIMIZATION_LEVEL = "-Onone";
			};
			name = Debug;
		};
		BE9F35AF2B937110007516ED /* Release */ = {
			isa = XCBuildConfiguration;
			buildSettings = {
				ALWAYS_SEARCH_USER_PATHS = NO;
				ASSETCATALOG_COMPILER_GENERATE_SWIFT_ASSET_SYMBOL_EXTENSIONS = YES;
				CLANG_ANALYZER_NONNULL = YES;
				CLANG_ANALYZER_NUMBER_OBJECT_CONVERSION = YES_AGGRESSIVE;
				CLANG_CXX_LANGUAGE_STANDARD = "gnu++20";
				CLANG_ENABLE_MODULES = YES;
				CLANG_ENABLE_OBJC_ARC = YES;
				CLANG_ENABLE_OBJC_WEAK = YES;
				CLANG_WARN_BLOCK_CAPTURE_AUTORELEASING = YES;
				CLANG_WARN_BOOL_CONVERSION = YES;
				CLANG_WARN_COMMA = YES;
				CLANG_WARN_CONSTANT_CONVERSION = YES;
				CLANG_WARN_DEPRECATED_OBJC_IMPLEMENTATIONS = YES;
				CLANG_WARN_DIRECT_OBJC_ISA_USAGE = YES_ERROR;
				CLANG_WARN_DOCUMENTATION_COMMENTS = YES;
				CLANG_WARN_EMPTY_BODY = YES;
				CLANG_WARN_ENUM_CONVERSION = YES;
				CLANG_WARN_INFINITE_RECURSION = YES;
				CLANG_WARN_INT_CONVERSION = YES;
				CLANG_WARN_NON_LITERAL_NULL_CONVERSION = YES;
				CLANG_WARN_OBJC_IMPLICIT_RETAIN_SELF = YES;
				CLANG_WARN_OBJC_LITERAL_CONVERSION = YES;
				CLANG_WARN_OBJC_ROOT_CLASS = YES_ERROR;
				CLANG_WARN_QUOTED_INCLUDE_IN_FRAMEWORK_HEADER = YES;
				CLANG_WARN_RANGE_LOOP_ANALYSIS = YES;
				CLANG_WARN_STRICT_PROTOTYPES = YES;
				CLANG_WARN_SUSPICIOUS_MOVE = YES;
				CLANG_WARN_UNGUARDED_AVAILABILITY = YES_AGGRESSIVE;
				CLANG_WARN_UNREACHABLE_CODE = YES;
				CLANG_WARN__DUPLICATE_METHOD_MATCH = YES;
				COPY_PHASE_STRIP = NO;
				DEBUG_INFORMATION_FORMAT = "dwarf-with-dsym";
				ENABLE_NS_ASSERTIONS = NO;
				ENABLE_STRICT_OBJC_MSGSEND = YES;
				ENABLE_USER_SCRIPT_SANDBOXING = YES;
				GCC_C_LANGUAGE_STANDARD = gnu17;
				GCC_NO_COMMON_BLOCKS = YES;
				GCC_WARN_64_TO_32_BIT_CONVERSION = YES;
				GCC_WARN_ABOUT_RETURN_TYPE = YES_ERROR;
				GCC_WARN_UNDECLARED_SELECTOR = YES;
				GCC_WARN_UNINITIALIZED_AUTOS = YES_AGGRESSIVE;
				GCC_WARN_UNUSED_FUNCTION = YES;
				GCC_WARN_UNUSED_VARIABLE = YES;
				IPHONEOS_DEPLOYMENT_TARGET = 17.2;
				LOCALIZATION_PREFERS_STRING_CATALOGS = YES;
				MTL_ENABLE_DEBUG_INFO = NO;
				MTL_FAST_MATH = YES;
				SDKROOT = iphoneos;
				SWIFT_COMPILATION_MODE = wholemodule;
				VALIDATE_PRODUCT = YES;
			};
			name = Release;
		};
		BE9F35B12B937110007516ED /* Debug */ = {
			isa = XCBuildConfiguration;
			buildSettings = {
				ASSETCATALOG_COMPILER_APPICON_NAME = AppIcon;
				ASSETCATALOG_COMPILER_GLOBAL_ACCENT_COLOR_NAME = AccentColor;
				CODE_SIGN_STYLE = Automatic;
				CURRENT_PROJECT_VERSION = 1;
				DEVELOPMENT_TEAM = 9N2C3RSUH8;
				GENERATE_INFOPLIST_FILE = YES;
				INFOPLIST_FILE = Bankey/Info.plist;
				INFOPLIST_KEY_UIApplicationSupportsIndirectInputEvents = YES;
				INFOPLIST_KEY_UILaunchStoryboardName = LaunchScreen;
				INFOPLIST_KEY_UISupportedInterfaceOrientations_iPad = "UIInterfaceOrientationPortrait UIInterfaceOrientationPortraitUpsideDown UIInterfaceOrientationLandscapeLeft UIInterfaceOrientationLandscapeRight";
				INFOPLIST_KEY_UISupportedInterfaceOrientations_iPhone = "UIInterfaceOrientationPortrait UIInterfaceOrientationLandscapeLeft UIInterfaceOrientationLandscapeRight";
				LD_RUNPATH_SEARCH_PATHS = (
					"$(inherited)",
					"@executable_path/Frameworks",
				);
				MARKETING_VERSION = 1.0;
				PRODUCT_BUNDLE_IDENTIFIER = com.iosdevbaran.Bankey;
				PRODUCT_NAME = "$(TARGET_NAME)";
				SWIFT_EMIT_LOC_STRINGS = YES;
				SWIFT_VERSION = 5.0;
				TARGETED_DEVICE_FAMILY = "1,2";
			};
			name = Debug;
		};
		BE9F35B22B937110007516ED /* Release */ = {
			isa = XCBuildConfiguration;
			buildSettings = {
				ASSETCATALOG_COMPILER_APPICON_NAME = AppIcon;
				ASSETCATALOG_COMPILER_GLOBAL_ACCENT_COLOR_NAME = AccentColor;
				CODE_SIGN_STYLE = Automatic;
				CURRENT_PROJECT_VERSION = 1;
				DEVELOPMENT_TEAM = 9N2C3RSUH8;
				GENERATE_INFOPLIST_FILE = YES;
				INFOPLIST_FILE = Bankey/Info.plist;
				INFOPLIST_KEY_UIApplicationSupportsIndirectInputEvents = YES;
				INFOPLIST_KEY_UILaunchStoryboardName = LaunchScreen;
				INFOPLIST_KEY_UISupportedInterfaceOrientations_iPad = "UIInterfaceOrientationPortrait UIInterfaceOrientationPortraitUpsideDown UIInterfaceOrientationLandscapeLeft UIInterfaceOrientationLandscapeRight";
				INFOPLIST_KEY_UISupportedInterfaceOrientations_iPhone = "UIInterfaceOrientationPortrait UIInterfaceOrientationLandscapeLeft UIInterfaceOrientationLandscapeRight";
				LD_RUNPATH_SEARCH_PATHS = (
					"$(inherited)",
					"@executable_path/Frameworks",
				);
				MARKETING_VERSION = 1.0;
				PRODUCT_BUNDLE_IDENTIFIER = com.iosdevbaran.Bankey;
				PRODUCT_NAME = "$(TARGET_NAME)";
				SWIFT_EMIT_LOC_STRINGS = YES;
				SWIFT_VERSION = 5.0;
				TARGETED_DEVICE_FAMILY = "1,2";
			};
			name = Release;
		};
		BE9F35B42B937110007516ED /* Debug */ = {
			isa = XCBuildConfiguration;
			buildSettings = {
				ALWAYS_EMBED_SWIFT_STANDARD_LIBRARIES = YES;
				BUNDLE_LOADER = "$(TEST_HOST)";
				CODE_SIGN_STYLE = Automatic;
				CURRENT_PROJECT_VERSION = 1;
				DEVELOPMENT_TEAM = 9N2C3RSUH8;
				GENERATE_INFOPLIST_FILE = YES;
				IPHONEOS_DEPLOYMENT_TARGET = 17.2;
				MARKETING_VERSION = 1.0;
				PRODUCT_BUNDLE_IDENTIFIER = com.iosdevbaran.BankeyTests;
				PRODUCT_NAME = "$(TARGET_NAME)";
				SWIFT_EMIT_LOC_STRINGS = NO;
				SWIFT_VERSION = 5.0;
				TARGETED_DEVICE_FAMILY = "1,2";
				TEST_HOST = "$(BUILT_PRODUCTS_DIR)/Bankey.app/$(BUNDLE_EXECUTABLE_FOLDER_PATH)/Bankey";
			};
			name = Debug;
		};
		BE9F35B52B937110007516ED /* Release */ = {
			isa = XCBuildConfiguration;
			buildSettings = {
				ALWAYS_EMBED_SWIFT_STANDARD_LIBRARIES = YES;
				BUNDLE_LOADER = "$(TEST_HOST)";
				CODE_SIGN_STYLE = Automatic;
				CURRENT_PROJECT_VERSION = 1;
				DEVELOPMENT_TEAM = 9N2C3RSUH8;
				GENERATE_INFOPLIST_FILE = YES;
				IPHONEOS_DEPLOYMENT_TARGET = 17.2;
				MARKETING_VERSION = 1.0;
				PRODUCT_BUNDLE_IDENTIFIER = com.iosdevbaran.BankeyTests;
				PRODUCT_NAME = "$(TARGET_NAME)";
				SWIFT_EMIT_LOC_STRINGS = NO;
				SWIFT_VERSION = 5.0;
				TARGETED_DEVICE_FAMILY = "1,2";
				TEST_HOST = "$(BUILT_PRODUCTS_DIR)/Bankey.app/$(BUNDLE_EXECUTABLE_FOLDER_PATH)/Bankey";
			};
			name = Release;
		};
		BE9F35B72B937110007516ED /* Debug */ = {
			isa = XCBuildConfiguration;
			buildSettings = {
				ALWAYS_EMBED_SWIFT_STANDARD_LIBRARIES = YES;
				CODE_SIGN_STYLE = Automatic;
				CURRENT_PROJECT_VERSION = 1;
				DEVELOPMENT_TEAM = 9N2C3RSUH8;
				GENERATE_INFOPLIST_FILE = YES;
				MARKETING_VERSION = 1.0;
				PRODUCT_BUNDLE_IDENTIFIER = com.iosdevbaran.BankeyUITests;
				PRODUCT_NAME = "$(TARGET_NAME)";
				SWIFT_EMIT_LOC_STRINGS = NO;
				SWIFT_VERSION = 5.0;
				TARGETED_DEVICE_FAMILY = "1,2";
				TEST_TARGET_NAME = Bankey;
			};
			name = Debug;
		};
		BE9F35B82B937110007516ED /* Release */ = {
			isa = XCBuildConfiguration;
			buildSettings = {
				ALWAYS_EMBED_SWIFT_STANDARD_LIBRARIES = YES;
				CODE_SIGN_STYLE = Automatic;
				CURRENT_PROJECT_VERSION = 1;
				DEVELOPMENT_TEAM = 9N2C3RSUH8;
				GENERATE_INFOPLIST_FILE = YES;
				MARKETING_VERSION = 1.0;
				PRODUCT_BUNDLE_IDENTIFIER = com.iosdevbaran.BankeyUITests;
				PRODUCT_NAME = "$(TARGET_NAME)";
				SWIFT_EMIT_LOC_STRINGS = NO;
				SWIFT_VERSION = 5.0;
				TARGETED_DEVICE_FAMILY = "1,2";
				TEST_TARGET_NAME = Bankey;
			};
			name = Release;
		};
/* End XCBuildConfiguration section */

/* Begin XCConfigurationList section */
		BE9F35812B93710F007516ED /* Build configuration list for PBXProject "Bankey" */ = {
			isa = XCConfigurationList;
			buildConfigurations = (
				BE9F35AE2B937110007516ED /* Debug */,
				BE9F35AF2B937110007516ED /* Release */,
			);
			defaultConfigurationIsVisible = 0;
			defaultConfigurationName = Release;
		};
		BE9F35B02B937110007516ED /* Build configuration list for PBXNativeTarget "Bankey" */ = {
			isa = XCConfigurationList;
			buildConfigurations = (
				BE9F35B12B937110007516ED /* Debug */,
				BE9F35B22B937110007516ED /* Release */,
			);
			defaultConfigurationIsVisible = 0;
			defaultConfigurationName = Release;
		};
		BE9F35B32B937110007516ED /* Build configuration list for PBXNativeTarget "BankeyTests" */ = {
			isa = XCConfigurationList;
			buildConfigurations = (
				BE9F35B42B937110007516ED /* Debug */,
				BE9F35B52B937110007516ED /* Release */,
			);
			defaultConfigurationIsVisible = 0;
			defaultConfigurationName = Release;
		};
		BE9F35B62B937110007516ED /* Build configuration list for PBXNativeTarget "BankeyUITests" */ = {
			isa = XCConfigurationList;
			buildConfigurations = (
				BE9F35B72B937110007516ED /* Debug */,
				BE9F35B82B937110007516ED /* Release */,
			);
			defaultConfigurationIsVisible = 0;
			defaultConfigurationName = Release;
		};
/* End XCConfigurationList section */
	};
	rootObject = BE9F357E2B93710F007516ED /* Project object */;
}
